// !$*UTF8*$!
{
	archiveVersion = 1;
	classes = {
	};
	objectVersion = 50;
	objects = {

/* Begin PBXBuildFile section */
		EF33DF0E25FD6112005E92CB /* SudokuSolverApp.swift in Sources */ = {isa = PBXBuildFile; fileRef = EF33DF0D25FD6112005E92CB /* SudokuSolverApp.swift */; };
		EF33DF1025FD6112005E92CB /* ContentView.swift in Sources */ = {isa = PBXBuildFile; fileRef = EF33DF0F25FD6112005E92CB /* ContentView.swift */; };
		EF33DF1225FD6116005E92CB /* Assets.xcassets in Resources */ = {isa = PBXBuildFile; fileRef = EF33DF1125FD6116005E92CB /* Assets.xcassets */; };
		EF33DF1525FD6116005E92CB /* Preview Assets.xcassets in Resources */ = {isa = PBXBuildFile; fileRef = EF33DF1425FD6116005E92CB /* Preview Assets.xcassets */; };
		EF33DF1E25FD653B005E92CB /* SudokuView.swift in Sources */ = {isa = PBXBuildFile; fileRef = EF33DF1D25FD653B005E92CB /* SudokuView.swift */; };
		EF7D5B4025FE8F53001D1089 /* Size.swift in Sources */ = {isa = PBXBuildFile; fileRef = EF7D5B3F25FE8F53001D1089 /* Size.swift */; };
		EF7D5B4825FE9C51001D1089 /* SudokuViewModel.swift in Sources */ = {isa = PBXBuildFile; fileRef = EF7D5B4725FE9C51001D1089 /* SudokuViewModel.swift */; };
		EFEAD1A026186018005D2BBF /* BorderModifier.swift in Sources */ = {isa = PBXBuildFile; fileRef = EFEAD19F26186018005D2BBF /* BorderModifier.swift */; };
/* End PBXBuildFile section */

/* Begin PBXFileReference section */
		EF33DF0A25FD6112005E92CB /* SudokuSolver.app */ = {isa = PBXFileReference; explicitFileType = wrapper.application; includeInIndex = 0; path = SudokuSolver.app; sourceTree = BUILT_PRODUCTS_DIR; };
		EF33DF0D25FD6112005E92CB /* SudokuSolverApp.swift */ = {isa = PBXFileReference; lastKnownFileType = sourcecode.swift; path = SudokuSolverApp.swift; sourceTree = "<group>"; };
		EF33DF0F25FD6112005E92CB /* ContentView.swift */ = {isa = PBXFileReference; lastKnownFileType = sourcecode.swift; path = ContentView.swift; sourceTree = "<group>"; };
		EF33DF1125FD6116005E92CB /* Assets.xcassets */ = {isa = PBXFileReference; lastKnownFileType = folder.assetcatalog; path = Assets.xcassets; sourceTree = "<group>"; };
		EF33DF1425FD6116005E92CB /* Preview Assets.xcassets */ = {isa = PBXFileReference; lastKnownFileType = folder.assetcatalog; path = "Preview Assets.xcassets"; sourceTree = "<group>"; };
		EF33DF1625FD6116005E92CB /* Info.plist */ = {isa = PBXFileReference; lastKnownFileType = text.plist.xml; path = Info.plist; sourceTree = "<group>"; };
		EF33DF1D25FD653B005E92CB /* SudokuView.swift */ = {isa = PBXFileReference; lastKnownFileType = sourcecode.swift; path = SudokuView.swift; sourceTree = "<group>"; };
		EF7D5B3F25FE8F53001D1089 /* Size.swift */ = {isa = PBXFileReference; lastKnownFileType = sourcecode.swift; path = Size.swift; sourceTree = "<group>"; };
		EF7D5B4725FE9C51001D1089 /* SudokuViewModel.swift */ = {isa = PBXFileReference; lastKnownFileType = sourcecode.swift; path = SudokuViewModel.swift; sourceTree = "<group>"; };
		EFEAD19F26186018005D2BBF /* BorderModifier.swift */ = {isa = PBXFileReference; lastKnownFileType = sourcecode.swift; path = BorderModifier.swift; sourceTree = "<group>"; };
/* End PBXFileReference section */

/* Begin PBXFrameworksBuildPhase section */
		EF33DF0725FD6112005E92CB /* Frameworks */ = {
			isa = PBXFrameworksBuildPhase;
			buildActionMask = 2147483647;
			files = (
			);
			runOnlyForDeploymentPostprocessing = 0;
		};
/* End PBXFrameworksBuildPhase section */

/* Begin PBXGroup section */
		EF33DF0125FD6112005E92CB = {
			isa = PBXGroup;
			children = (
				EF33DF0C25FD6112005E92CB /* SudokuSolver */,
				EF33DF0B25FD6112005E92CB /* Products */,
			);
			sourceTree = "<group>";
		};
		EF33DF0B25FD6112005E92CB /* Products */ = {
			isa = PBXGroup;
			children = (
				EF33DF0A25FD6112005E92CB /* SudokuSolver.app */,
			);
			name = Products;
			sourceTree = "<group>";
		};
		EF33DF0C25FD6112005E92CB /* SudokuSolver */ = {
			isa = PBXGroup;
			children = (
				EF33DF0D25FD6112005E92CB /* SudokuSolverApp.swift */,
				EF33DF0F25FD6112005E92CB /* ContentView.swift */,
				EF7D5B3F25FE8F53001D1089 /* Size.swift */,
				EF7D5B4725FE9C51001D1089 /* SudokuViewModel.swift */,
				EF33DF1D25FD653B005E92CB /* SudokuView.swift */,
				EFEAD19F26186018005D2BBF /* BorderModifier.swift */,
				EF33DF1125FD6116005E92CB /* Assets.xcassets */,
				EF33DF1625FD6116005E92CB /* Info.plist */,
				EF33DF1325FD6116005E92CB /* Preview Content */,
			);
			path = SudokuSolver;
			sourceTree = "<group>";
		};
		EF33DF1325FD6116005E92CB /* Preview Content */ = {
			isa = PBXGroup;
			children = (
				EF33DF1425FD6116005E92CB /* Preview Assets.xcassets */,
			);
			path = "Preview Content";
			sourceTree = "<group>";
		};
/* End PBXGroup section */

/* Begin PBXNativeTarget section */
		EF33DF0925FD6112005E92CB /* SudokuSolver */ = {
			isa = PBXNativeTarget;
			buildConfigurationList = EF33DF1925FD6116005E92CB /* Build configuration list for PBXNativeTarget "SudokuSolver" */;
			buildPhases = (
				EF33DF0625FD6112005E92CB /* Sources */,
				EF33DF0725FD6112005E92CB /* Frameworks */,
				EF33DF0825FD6112005E92CB /* Resources */,
			);
			buildRules = (
			);
			dependencies = (
			);
			name = SudokuSolver;
			productName = SudokuSolver;
			productReference = EF33DF0A25FD6112005E92CB /* SudokuSolver.app */;
			productType = "com.apple.product-type.application";
		};
/* End PBXNativeTarget section */

/* Begin PBXProject section */
		EF33DF0225FD6112005E92CB /* Project object */ = {
			isa = PBXProject;
			attributes = {
				LastSwiftUpdateCheck = 1200;
				LastUpgradeCheck = 1200;
				TargetAttributes = {
					EF33DF0925FD6112005E92CB = {
						CreatedOnToolsVersion = 12.0.1;
					};
				};
			};
			buildConfigurationList = EF33DF0525FD6112005E92CB /* Build configuration list for PBXProject "SudokuSolver" */;
			compatibilityVersion = "Xcode 9.3";
			developmentRegion = en;
			hasScannedForEncodings = 0;
			knownRegions = (
				en,
				Base,
			);
			mainGroup = EF33DF0125FD6112005E92CB;
			productRefGroup = EF33DF0B25FD6112005E92CB /* Products */;
			projectDirPath = "";
			projectRoot = "";
			targets = (
				EF33DF0925FD6112005E92CB /* SudokuSolver */,
			);
		};
/* End PBXProject section */

/* Begin PBXResourcesBuildPhase section */
		EF33DF0825FD6112005E92CB /* Resources */ = {
			isa = PBXResourcesBuildPhase;
			buildActionMask = 2147483647;
			files = (
				EF33DF1525FD6116005E92CB /* Preview Assets.xcassets in Resources */,
				EF33DF1225FD6116005E92CB /* Assets.xcassets in Resources */,
			);
			runOnlyForDeploymentPostprocessing = 0;
		};
/* End PBXResourcesBuildPhase section */

/* Begin PBXSourcesBuildPhase section */
		EF33DF0625FD6112005E92CB /* Sources */ = {
			isa = PBXSourcesBuildPhase;
			buildActionMask = 2147483647;
			files = (
				EF7D5B4025FE8F53001D1089 /* Size.swift in Sources */,
				EF7D5B4825FE9C51001D1089 /* SudokuViewModel.swift in Sources */,
				EF33DF1E25FD653B005E92CB /* SudokuView.swift in Sources */,
				EF33DF1025FD6112005E92CB /* ContentView.swift in Sources */,
				EFEAD1A026186018005D2BBF /* BorderModifier.swift in Sources */,
				EF33DF0E25FD6112005E92CB /* SudokuSolverApp.swift in Sources */,
			);
			runOnlyForDeploymentPostprocessing = 0;
		};
/* End PBXSourcesBuildPhase section */

/* Begin XCBuildConfiguration section */
		EF33DF1725FD6116005E92CB /* Debug */ = {
			isa = XCBuildConfiguration;
			buildSettings = {
				ALWAYS_SEARCH_USER_PATHS = NO;
				CLANG_ANALYZER_NONNULL = YES;
				CLANG_ANALYZER_NUMBER_OBJECT_CONVERSION = YES_AGGRESSIVE;
				CLANG_CXX_LANGUAGE_STANDARD = "gnu++14";
				CLANG_CXX_LIBRARY = "libc++";
				CLANG_ENABLE_MODULES = YES;
				CLANG_ENABLE_OBJC_ARC = YES;
				CLANG_ENABLE_OBJC_WEAK = YES;
				CLANG_WARN_BLOCK_CAPTURE_AUTORELEASING = YES;
				CLANG_WARN_BOOL_CONVERSION = YES;
				CLANG_WARN_COMMA = YES;
				CLANG_WARN_CONSTANT_CONVERSION = YES;
				CLANG_WARN_DEPRECATED_OBJC_IMPLEMENTATIONS = YES;
				CLANG_WARN_DIRECT_OBJC_ISA_USAGE = YES_ERROR;
				CLANG_WARN_DOCUMENTATION_COMMENTS = YES;
				CLANG_WARN_EMPTY_BODY = YES;
				CLANG_WARN_ENUM_CONVERSION = YES;
				CLANG_WARN_INFINITE_RECURSION = YES;
				CLANG_WARN_INT_CONVERSION = YES;
				CLANG_WARN_NON_LITERAL_NULL_CONVERSION = YES;
				CLANG_WARN_OBJC_IMPLICIT_RETAIN_SELF = YES;
				CLANG_WARN_OBJC_LITERAL_CONVERSION = YES;
				CLANG_WARN_OBJC_ROOT_CLASS = YES_ERROR;
				CLANG_WARN_QUOTED_INCLUDE_IN_FRAMEWORK_HEADER = YES;
				CLANG_WARN_RANGE_LOOP_ANALYSIS = YES;
				CLANG_WARN_STRICT_PROTOTYPES = YES;
				CLANG_WARN_SUSPICIOUS_MOVE = YES;
				CLANG_WARN_UNGUARDED_AVAILABILITY = YES_AGGRESSIVE;
				CLANG_WARN_UNREACHABLE_CODE = YES;
				CLANG_WARN__DUPLICATE_METHOD_MATCH = YES;
				COPY_PHASE_STRIP = NO;
				DEBUG_INFORMATION_FORMAT = dwarf;
				ENABLE_STRICT_OBJC_MSGSEND = YES;
				ENABLE_TESTABILITY = YES;
				GCC_C_LANGUAGE_STANDARD = gnu11;
				GCC_DYNAMIC_NO_PIC = NO;
				GCC_NO_COMMON_BLOCKS = YES;
				GCC_OPTIMIZATION_LEVEL = 0;
				GCC_PREPROCESSOR_DEFINITIONS = (
					"DEBUG=1",
					"$(inherited)",
				);
				GCC_WARN_64_TO_32_BIT_CONVERSION = YES;
				GCC_WARN_ABOUT_RETURN_TYPE = YES_ERROR;
				GCC_WARN_UNDECLARED_SELECTOR = YES;
				GCC_WARN_UNINITIALIZED_AUTOS = YES_AGGRESSIVE;
				GCC_WARN_UNUSED_FUNCTION = YES;
				GCC_WARN_UNUSED_VARIABLE = YES;
				IPHONEOS_DEPLOYMENT_TARGET = 14.0;
				MTL_ENABLE_DEBUG_INFO = INCLUDE_SOURCE;
				MTL_FAST_MATH = YES;
				ONLY_ACTIVE_ARCH = YES;
				SDKROOT = iphoneos;
				SWIFT_ACTIVE_COMPILATION_CONDITIONS = DEBUG;
				SWIFT_OPTIMIZATION_LEVEL = "-Onone";
			};
			name = Debug;
		};
		EF33DF1825FD6116005E92CB /* Release */ = {
			isa = XCBuildConfiguration;
			buildSettings = {
				ALWAYS_SEARCH_USER_PATHS = NO;
				CLANG_ANALYZER_NONNULL = YES;
				CLANG_ANALYZER_NUMBER_OBJECT_CONVERSION = YES_AGGRESSIVE;
				CLANG_CXX_LANGUAGE_STANDARD = "gnu++14";
				CLANG_CXX_LIBRARY = "libc++";
				CLANG_ENABLE_MODULES = YES;
				CLANG_ENABLE_OBJC_ARC = YES;
				CLANG_ENABLE_OBJC_WEAK = YES;
				CLANG_WARN_BLOCK_CAPTURE_AUTORELEASING = YES;
				CLANG_WARN_BOOL_CONVERSION = YES;
				CLANG_WARN_COMMA = YES;
				CLANG_WARN_CONSTANT_CONVERSION = YES;
				CLANG_WARN_DEPRECATED_OBJC_IMPLEMENTATIONS = YES;
				CLANG_WARN_DIRECT_OBJC_ISA_USAGE = YES_ERROR;
				CLANG_WARN_DOCUMENTATION_COMMENTS = YES;
				CLANG_WARN_EMPTY_BODY = YES;
				CLANG_WARN_ENUM_CONVERSION = YES;
				CLANG_WARN_INFINITE_RECURSION = YES;
				CLANG_WARN_INT_CONVERSION = YES;
				CLANG_WARN_NON_LITERAL_NULL_CONVERSION = YES;
				CLANG_WARN_OBJC_IMPLICIT_RETAIN_SELF = YES;
				CLANG_WARN_OBJC_LITERAL_CONVERSION = YES;
				CLANG_WARN_OBJC_ROOT_CLASS = YES_ERROR;
				CLANG_WARN_QUOTED_INCLUDE_IN_FRAMEWORK_HEADER = YES;
				CLANG_WARN_RANGE_LOOP_ANALYSIS = YES;
				CLANG_WARN_STRICT_PROTOTYPES = YES;
				CLANG_WARN_SUSPICIOUS_MOVE = YES;
				CLANG_WARN_UNGUARDED_AVAILABILITY = YES_AGGRESSIVE;
				CLANG_WARN_UNREACHABLE_CODE = YES;
				CLANG_WARN__DUPLICATE_METHOD_MATCH = YES;
				COPY_PHASE_STRIP = NO;
				DEBUG_INFORMATION_FORMAT = "dwarf-with-dsym";
				ENABLE_NS_ASSERTIONS = NO;
				ENABLE_STRICT_OBJC_MSGSEND = YES;
				GCC_C_LANGUAGE_STANDARD = gnu11;
				GCC_NO_COMMON_BLOCKS = YES;
				GCC_WARN_64_TO_32_BIT_CONVERSION = YES;
				GCC_WARN_ABOUT_RETURN_TYPE = YES_ERROR;
				GCC_WARN_UNDECLARED_SELECTOR = YES;
				GCC_WARN_UNINITIALIZED_AUTOS = YES_AGGRESSIVE;
				GCC_WARN_UNUSED_FUNCTION = YES;
				GCC_WARN_UNUSED_VARIABLE = YES;
				IPHONEOS_DEPLOYMENT_TARGET = 14.0;
				MTL_ENABLE_DEBUG_INFO = NO;
				MTL_FAST_MATH = YES;
				SDKROOT = iphoneos;
				SWIFT_COMPILATION_MODE = wholemodule;
				SWIFT_OPTIMIZATION_LEVEL = "-O";
				VALIDATE_PRODUCT = YES;
			};
			name = Release;
		};
		EF33DF1A25FD6116005E92CB /* Debug */ = {
			isa = XCBuildConfiguration;
			buildSettings = {
				ASSETCATALOG_COMPILER_APPICON_NAME = AppIcon;
				ASSETCATALOG_COMPILER_GLOBAL_ACCENT_COLOR_NAME = AccentColor;
				CODE_SIGN_STYLE = Automatic;
				DEVELOPMENT_ASSET_PATHS = "\"SudokuSolver/Preview Content\"";
				DEVELOPMENT_TEAM = 32BS4266DT;
				ENABLE_PREVIEWS = YES;
				INFOPLIST_FILE = SudokuSolver/Info.plist;
				IPHONEOS_DEPLOYMENT_TARGET = 14.0;
				LD_RUNPATH_SEARCH_PATHS = (
					"$(inherited)",
					"@executable_path/Frameworks",
				);
				PRODUCT_BUNDLE_IDENTIFIER = com.bibinjacobpulickal.SudokuSolver;
				PRODUCT_NAME = "$(TARGET_NAME)";
				SWIFT_VERSION = 5.0;
				TARGETED_DEVICE_FAMILY = "1,2";
			};
			name = Debug;
		};
		EF33DF1B25FD6116005E92CB /* Release */ = {
			isa = XCBuildConfiguration;
			buildSettings = {
				ASSETCATALOG_COMPILER_APPICON_NAME = AppIcon;
				ASSETCATALOG_COMPILER_GLOBAL_ACCENT_COLOR_NAME = AccentColor;
				CODE_SIGN_STYLE = Automatic;
				DEVELOPMENT_ASSET_PATHS = "\"SudokuSolver/Preview Content\"";
				DEVELOPMENT_TEAM = 32BS4266DT;
				ENABLE_PREVIEWS = YES;
				INFOPLIST_FILE = SudokuSolver/Info.plist;
				IPHONEOS_DEPLOYMENT_TARGET = 14.0;
				LD_RUNPATH_SEARCH_PATHS = (
					"$(inherited)",
					"@executable_path/Frameworks",
				);
				PRODUCT_BUNDLE_IDENTIFIER = com.bibinjacobpulickal.SudokuSolver;
				PRODUCT_NAME = "$(TARGET_NAME)";
				SWIFT_VERSION = 5.0;
				TARGETED_DEVICE_FAMILY = "1,2";
			};
			name = Release;
		};
/* End XCBuildConfiguration section */

/* Begin XCConfigurationList section */
		EF33DF0525FD6112005E92CB /* Build configuration list for PBXProject "SudokuSolver" */ = {
			isa = XCConfigurationList;
			buildConfigurations = (
				EF33DF1725FD6116005E92CB /* Debug */,
				EF33DF1825FD6116005E92CB /* Release */,
			);
			defaultConfigurationIsVisible = 0;
			defaultConfigurationName = Release;
		};
		EF33DF1925FD6116005E92CB /* Build configuration list for PBXNativeTarget "SudokuSolver" */ = {
			isa = XCConfigurationList;
			buildConfigurations = (
				EF33DF1A25FD6116005E92CB /* Debug */,
				EF33DF1B25FD6116005E92CB /* Release */,
			);
			defaultConfigurationIsVisible = 0;
			defaultConfigurationName = Release;
		};
/* End XCConfigurationList section */
	};
	rootObject = EF33DF0225FD6112005E92CB /* Project object */;
}
